# THIS IS AN AUTOGENERATED FILE. DO NOT EDIT THIS FILE DIRECTLY.
# yarn lockfile v1


node-sass@6.0.1:
  version "6.0.1"
  resolved "https://registry.npmjs.org/node-sass/-/node-sass-6.0.1.tgz#cad1ccd0ce63e35c7181f545d8b986f3a9a887fe"
  integrity sha512-f+Rbqt92Ful9gX0cGtdYwjTrWAaGURgaK5rZCWOgCNyGWusFYHhbqCCBoFBeat+HKETOU02AyTxNhJV0YZf2jQ==
  dependencies:
    sass-graph "2.2.5"

sass-graph@2.2.5:
  version "2.2.5"
  resolved "https://registry.npmjs.org/sass-graph/-/sass-graph-2.2.5.tgz#a981c87446b8319d96dce0671e487879bd24c2e8"
  integrity sha512-VFWDAHOe6mRuT4mZRd4eKE+d8Uedrk6Xnh7Sh9b4NGufQLQjOrvf/MQoOdx+0s92L89FeyUUNfU597j/3uNpag==
  dependencies:
    scss-tokenizer "^0.4.3"

scss-tokenizer@^0.4.3:
  version "0.4.3"
  resolved "https://registry.npmjs.org/scss-tokenizer/-/scss-tokenizer-0.4.3.tgz#1058400ee7d814d71049c29923d2b25e61dc026c"
  integrity sha512-raKLgf1LI5QMQnG+RxHz6oK0sL3x3I4FN2UDLqgLOGO8hodECNnNh5BXn7fAyBxrA8zVzdQizQ6XjNJQ+uBwMw==