# THIS IS AN AUTOGENERATED FILE. DO NOT EDIT THIS FILE DIRECTLY.
# yarn lockfile v1


classnames@^2.2.5:
  version "2.2.6"
  resolved "https://registry.yarnpkg.com/classnames/-/classnames-2.2.6.tgz#43935bffdd291f326dad0a205309b38d00f650ce"
  integrity sha512-JR/iSQOSt+LQIWwrwEzJ9uk0xfN3mTVYMwt1Ir5mUcSN6pU+V4zQFFaJsclJbPuAUQH+yfWef6tm7l1quW3C8Q==

mobx@^3.2.1:
  version "3.6.2"
  resolved "https://registry.yarnpkg.com/mobx/-/mobx-3.6.2.tgz#fb9f5ff5090539a1ad54e75dc4c098b602693320"
  integrity sha512-Dq3boJFLpZEvuh5a/MbHLUIyN9XobKWIb0dBfkNOJffNkE3vtuY0C9kSDVpfH8BB0BPkVw8g22qCv7d05LEhKg==

uglify-js@1.2.3:
  version "1.2.3"
  resolved "https://registry.yarnpkg.com/uglify-js/-/uglify-js-1.2.3.tgz#3b0ce6631a28dcaa64302b893123b20876bdc536"
  integrity sha1-OwzmYxoo3KpkMCuJMSOyCHa9xTY=

merge@^1.2.0:
  version "1.2.1"
  resolved "https://registry.yarnpkg.com/merge/-/merge-1.2.1.tgz#38bebf80c3220a8a487b6fcfb3941bb11720c145"
